// !$*UTF8*$!
{
	archiveVersion = 1;
	classes = {
	};
	objectVersion = 52;
	objects = {

/* Begin PBXBuildFile section */
		8B5C6C39260F3EB100302627 /* AppDelegate.swift in Sources */ = {isa = PBXBuildFile; fileRef = 8B5C6C38260F3EB100302627 /* AppDelegate.swift */; };
		8B5C6C3B260F3EB100302627 /* SceneDelegate.swift in Sources */ = {isa = PBXBuildFile; fileRef = 8B5C6C3A260F3EB100302627 /* SceneDelegate.swift */; };
		8B5C6C42260F3EB100302627 /* Assets.xcassets in Resources */ = {isa = PBXBuildFile; fileRef = 8B5C6C41260F3EB100302627 /* Assets.xcassets */; };
		8B5C6C45260F3EB100302627 /* LaunchScreen.storyboard in Resources */ = {isa = PBXBuildFile; fileRef = 8B5C6C43260F3EB100302627 /* LaunchScreen.storyboard */; };
		8B5C6C58260F417100302627 /* ControllerKeys.swift in Sources */ = {isa = PBXBuildFile; fileRef = 8B5C6C57260F417100302627 /* ControllerKeys.swift */; };
		8B5C6C5B260F417800302627 /* ControllerFactory.swift in Sources */ = {isa = PBXBuildFile; fileRef = 8B5C6C5A260F417800302627 /* ControllerFactory.swift */; };
		8B5C6C5E260F417E00302627 /* Coordinator.swift in Sources */ = {isa = PBXBuildFile; fileRef = 8B5C6C5D260F417E00302627 /* Coordinator.swift */; };
		8B5C6C61260F418500302627 /* NavigationManager.swift in Sources */ = {isa = PBXBuildFile; fileRef = 8B5C6C60260F418500302627 /* NavigationManager.swift */; };
		8B5C6C69260F429000302627 /* UIViewController+Extension.swift in Sources */ = {isa = PBXBuildFile; fileRef = 8B5C6C68260F429000302627 /* UIViewController+Extension.swift */; };
		8B5C6C6C260F429F00302627 /* UINavigationController+Extension.swift in Sources */ = {isa = PBXBuildFile; fileRef = 8B5C6C6B260F429F00302627 /* UINavigationController+Extension.swift */; };
		8B5C6C6F260F42AE00302627 /* CALayer+Extension.swift in Sources */ = {isa = PBXBuildFile; fileRef = 8B5C6C6E260F42AE00302627 /* CALayer+Extension.swift */; };
		8B5C6C72260F42B800302627 /* UIColor+Extension.swift in Sources */ = {isa = PBXBuildFile; fileRef = 8B5C6C71260F42B800302627 /* UIColor+Extension.swift */; };
		8B5C6C75260F42C700302627 /* Optional+Extension.swift in Sources */ = {isa = PBXBuildFile; fileRef = 8B5C6C74260F42C700302627 /* Optional+Extension.swift */; };
		8B5C6C78260F42D400302627 /* UIView+Extension.swift in Sources */ = {isa = PBXBuildFile; fileRef = 8B5C6C77260F42D400302627 /* UIView+Extension.swift */; };
		8B5C6C7B260F42DF00302627 /* UITextField+Extension.swift in Sources */ = {isa = PBXBuildFile; fileRef = 8B5C6C7A260F42DF00302627 /* UITextField+Extension.swift */; };
		8B5C6C82260F436F00302627 /* BaseVC.swift in Sources */ = {isa = PBXBuildFile; fileRef = 8B5C6C81260F436F00302627 /* BaseVC.swift */; };
		8B5C6C85260F43AF00302627 /* BaseVM.swift in Sources */ = {isa = PBXBuildFile; fileRef = 8B5C6C84260F43AF00302627 /* BaseVM.swift */; };
		8B5C6C88260F43C400302627 /* BaseTableViewCell.swift in Sources */ = {isa = PBXBuildFile; fileRef = 8B5C6C87260F43C400302627 /* BaseTableViewCell.swift */; };
		8B5C6C8B260F43D200302627 /* BaseCollectionViewCell.swift in Sources */ = {isa = PBXBuildFile; fileRef = 8B5C6C8A260F43D200302627 /* BaseCollectionViewCell.swift */; };
		8B5C6C8E260F43DD00302627 /* BaseView.swift in Sources */ = {isa = PBXBuildFile; fileRef = 8B5C6C8D260F43DD00302627 /* BaseView.swift */; };
		8B5C6C91260F43EA00302627 /* RoundedShadowView.swift in Sources */ = {isa = PBXBuildFile; fileRef = 8B5C6C90260F43EA00302627 /* RoundedShadowView.swift */; };
		8B5C6C96260F442300302627 /* Disposable.swift in Sources */ = {isa = PBXBuildFile; fileRef = 8B5C6C95260F442300302627 /* Disposable.swift */; };
		8B5C6C99260F442E00302627 /* Observable.swift in Sources */ = {isa = PBXBuildFile; fileRef = 8B5C6C98260F442E00302627 /* Observable.swift */; };
		8B5C6C9C260F443B00302627 /* State.swift in Sources */ = {isa = PBXBuildFile; fileRef = 8B5C6C9B260F443B00302627 /* State.swift */; };
		8B5C6CB0260F455D00302627 /* MainVC.swift in Sources */ = {isa = PBXBuildFile; fileRef = 8B5C6CAE260F455D00302627 /* MainVC.swift */; };
		8B5C6CB1260F455D00302627 /* MainVC.xib in Resources */ = {isa = PBXBuildFile; fileRef = 8B5C6CAF260F455D00302627 /* MainVC.xib */; };
		8B5C6CB6260F461300302627 /* AlertBuilder.swift in Sources */ = {isa = PBXBuildFile; fileRef = 8B5C6CB5260F461300302627 /* AlertBuilder.swift */; };
		8B5C6CB9260F462700302627 /* Reachability.swift in Sources */ = {isa = PBXBuildFile; fileRef = 8B5C6CB8260F462700302627 /* Reachability.swift */; };
		8B5C6CBC260F463700302627 /* HelperFunction.swift in Sources */ = {isa = PBXBuildFile; fileRef = 8B5C6CBB260F463700302627 /* HelperFunction.swift */; };
		8B5C6CBF260F464300302627 /* Spinner.swift in Sources */ = {isa = PBXBuildFile; fileRef = 8B5C6CBE260F464300302627 /* Spinner.swift */; };
		8B5C6CC4260F4EEF00302627 /* EndPoints.swift in Sources */ = {isa = PBXBuildFile; fileRef = 8B5C6CC3260F4EEF00302627 /* EndPoints.swift */; };
		8B5C6CC7260F4F0200302627 /* NetworkManager.swift in Sources */ = {isa = PBXBuildFile; fileRef = 8B5C6CC6260F4F0200302627 /* NetworkManager.swift */; };
		8B5C6CD0260F4F2F00302627 /* EndPointType.swift in Sources */ = {isa = PBXBuildFile; fileRef = 8B5C6CCF260F4F2F00302627 /* EndPointType.swift */; };
		8B5C6CD4260F4F3500302627 /* Router.swift in Sources */ = {isa = PBXBuildFile; fileRef = 8B5C6CD3260F4F3500302627 /* Router.swift */; };
		8B5C6CD7260F4F3C00302627 /* HTTPMethod.swift in Sources */ = {isa = PBXBuildFile; fileRef = 8B5C6CD6260F4F3C00302627 /* HTTPMethod.swift */; };
		8B5C6CDA260F4F4100302627 /* HTTPTask.swift in Sources */ = {isa = PBXBuildFile; fileRef = 8B5C6CD9260F4F4100302627 /* HTTPTask.swift */; };
		8B5C6CDD260F4F4700302627 /* NetworkLogger.swift in Sources */ = {isa = PBXBuildFile; fileRef = 8B5C6CDC260F4F4700302627 /* NetworkLogger.swift */; };
		8B5C6CE5260F4FD200302627 /* ParameterEncoding.swift in Sources */ = {isa = PBXBuildFile; fileRef = 8B5C6CE4260F4FD200302627 /* ParameterEncoding.swift */; };
		8B5C6CE8260F4FD800302627 /* URLParameterEncoding.swift in Sources */ = {isa = PBXBuildFile; fileRef = 8B5C6CE7260F4FD800302627 /* URLParameterEncoding.swift */; };
		8B5C6CEB260F4FDE00302627 /* JSONParameterEncoder.swift in Sources */ = {isa = PBXBuildFile; fileRef = 8B5C6CEA260F4FDE00302627 /* JSONParameterEncoder.swift */; };
		8B5C6CF3260F522C00302627 /* JSONSchemaSupport.swift in Sources */ = {isa = PBXBuildFile; fileRef = 8B5C6CF2260F522C00302627 /* JSONSchemaSupport.swift */; };
		8B5C6CF9260F527400302627 /* MainResponseModel.swift in Sources */ = {isa = PBXBuildFile; fileRef = 8B5C6CF8260F527400302627 /* MainResponseModel.swift */; };
		8B5C6CFE260F52CE00302627 /* URLSession+Extensions.swift in Sources */ = {isa = PBXBuildFile; fileRef = 8B5C6CFD260F52CE00302627 /* URLSession+Extensions.swift */; };
		8B5C6D01260F52F400302627 /* MeditationModel.swift in Sources */ = {isa = PBXBuildFile; fileRef = 8B5C6D00260F52F400302627 /* MeditationModel.swift */; };
		8B5C6D04260F532400302627 /* ImageModel.swift in Sources */ = {isa = PBXBuildFile; fileRef = 8B5C6D03260F532400302627 /* ImageModel.swift */; };
		8B5C6D07260F536500302627 /* StoryModel.swift in Sources */ = {isa = PBXBuildFile; fileRef = 8B5C6D06260F536500302627 /* StoryModel.swift */; };
		8B5C6D12260F542F00302627 /* MainRequests.swift in Sources */ = {isa = PBXBuildFile; fileRef = 8B5C6D11260F542F00302627 /* MainRequests.swift */; };
		8B5C6D1E260F54FF00302627 /* MeditationDemoTests.swift in Sources */ = {isa = PBXBuildFile; fileRef = 8B5C6D1D260F54FF00302627 /* MeditationDemoTests.swift */; };
		8B5C6D28260F553600302627 /* NetworkingTest.swift in Sources */ = {isa = PBXBuildFile; fileRef = 8B5C6D27260F553600302627 /* NetworkingTest.swift */; };
		8B5C6D2C260F55EC00302627 /* MainResponseModelTest.swift in Sources */ = {isa = PBXBuildFile; fileRef = 8B5C6D2B260F55EC00302627 /* MainResponseModelTest.swift */; };
		8B5C6D30260F588700302627 /* MainViewModel.swift in Sources */ = {isa = PBXBuildFile; fileRef = 8B5C6D2F260F588700302627 /* MainViewModel.swift */; };
		8B5C6D3F260F5C6700302627 /* StoriesCollectionViewCell.swift in Sources */ = {isa = PBXBuildFile; fileRef = 8B5C6D3D260F5C6700302627 /* StoriesCollectionViewCell.swift */; };
		8B5C6D40260F5C6700302627 /* StoriesCollectionViewCell.xib in Resources */ = {isa = PBXBuildFile; fileRef = 8B5C6D3E260F5C6700302627 /* StoriesCollectionViewCell.xib */; };
		8B5C6D47260F5C7800302627 /* MeditationsCollectionViewCell.swift in Sources */ = {isa = PBXBuildFile; fileRef = 8B5C6D45260F5C7800302627 /* MeditationsCollectionViewCell.swift */; };
		8B5C6D48260F5C7800302627 /* MeditationsCollectionViewCell.xib in Resources */ = {isa = PBXBuildFile; fileRef = 8B5C6D46260F5C7800302627 /* MeditationsCollectionViewCell.xib */; };
		8B5C6D56260F5CDD00302627 /* StoriesCellViewModel.swift in Sources */ = {isa = PBXBuildFile; fileRef = 8B5C6D55260F5CDD00302627 /* StoriesCellViewModel.swift */; };
		8B5C6D5A260F5CF000302627 /* MeditationsCellViewModel.swift in Sources */ = {isa = PBXBuildFile; fileRef = 8B5C6D59260F5CF000302627 /* MeditationsCellViewModel.swift */; };
		8B5C6D5E260F62E100302627 /* String+Extension.swift in Sources */ = {isa = PBXBuildFile; fileRef = 8B5C6D5D260F62E100302627 /* String+Extension.swift */; };
		8B5C6D6C260F7A6400302627 /* UIImageView+Extension.swift in Sources */ = {isa = PBXBuildFile; fileRef = 8B5C6D6B260F7A6400302627 /* UIImageView+Extension.swift */; };
		8B5C6D71260F7B4A00302627 /* Kingfisher in Frameworks */ = {isa = PBXBuildFile; productRef = 8B5C6D70260F7B4A00302627 /* Kingfisher */; };
/* End PBXBuildFile section */

/* Begin PBXContainerItemProxy section */
		8B5C6D20260F54FF00302627 /* PBXContainerItemProxy */ = {
			isa = PBXContainerItemProxy;
			containerPortal = 8B5C6C2D260F3EB100302627 /* Project object */;
			proxyType = 1;
			remoteGlobalIDString = 8B5C6C34260F3EB100302627;
			remoteInfo = MeditationDemo;
		};
/* End PBXContainerItemProxy section */

/* Begin PBXFileReference section */
		8B5C6C35260F3EB100302627 /* MeditationDemo.app */ = {isa = PBXFileReference; explicitFileType = wrapper.application; includeInIndex = 0; path = MeditationDemo.app; sourceTree = BUILT_PRODUCTS_DIR; };
		8B5C6C38260F3EB100302627 /* AppDelegate.swift */ = {isa = PBXFileReference; lastKnownFileType = sourcecode.swift; path = AppDelegate.swift; sourceTree = "<group>"; };
		8B5C6C3A260F3EB100302627 /* SceneDelegate.swift */ = {isa = PBXFileReference; lastKnownFileType = sourcecode.swift; path = SceneDelegate.swift; sourceTree = "<group>"; };
		8B5C6C41260F3EB100302627 /* Assets.xcassets */ = {isa = PBXFileReference; lastKnownFileType = folder.assetcatalog; path = Assets.xcassets; sourceTree = "<group>"; };
		8B5C6C44260F3EB100302627 /* Base */ = {isa = PBXFileReference; lastKnownFileType = file.storyboard; name = Base; path = Base.lproj/LaunchScreen.storyboard; sourceTree = "<group>"; };
		8B5C6C46260F3EB200302627 /* Info.plist */ = {isa = PBXFileReference; lastKnownFileType = text.plist.xml; path = Info.plist; sourceTree = "<group>"; };
		8B5C6C57260F417100302627 /* ControllerKeys.swift */ = {isa = PBXFileReference; lastKnownFileType = sourcecode.swift; path = ControllerKeys.swift; sourceTree = "<group>"; };
		8B5C6C5A260F417800302627 /* ControllerFactory.swift */ = {isa = PBXFileReference; lastKnownFileType = sourcecode.swift; path = ControllerFactory.swift; sourceTree = "<group>"; };
		8B5C6C5D260F417E00302627 /* Coordinator.swift */ = {isa = PBXFileReference; lastKnownFileType = sourcecode.swift; path = Coordinator.swift; sourceTree = "<group>"; };
		8B5C6C60260F418500302627 /* NavigationManager.swift */ = {isa = PBXFileReference; lastKnownFileType = sourcecode.swift; path = NavigationManager.swift; sourceTree = "<group>"; };
		8B5C6C68260F429000302627 /* UIViewController+Extension.swift */ = {isa = PBXFileReference; lastKnownFileType = sourcecode.swift; path = "UIViewController+Extension.swift"; sourceTree = "<group>"; };
		8B5C6C6B260F429F00302627 /* UINavigationController+Extension.swift */ = {isa = PBXFileReference; lastKnownFileType = sourcecode.swift; path = "UINavigationController+Extension.swift"; sourceTree = "<group>"; };
		8B5C6C6E260F42AE00302627 /* CALayer+Extension.swift */ = {isa = PBXFileReference; lastKnownFileType = sourcecode.swift; path = "CALayer+Extension.swift"; sourceTree = "<group>"; };
		8B5C6C71260F42B800302627 /* UIColor+Extension.swift */ = {isa = PBXFileReference; lastKnownFileType = sourcecode.swift; path = "UIColor+Extension.swift"; sourceTree = "<group>"; };
		8B5C6C74260F42C700302627 /* Optional+Extension.swift */ = {isa = PBXFileReference; lastKnownFileType = sourcecode.swift; path = "Optional+Extension.swift"; sourceTree = "<group>"; };
		8B5C6C77260F42D400302627 /* UIView+Extension.swift */ = {isa = PBXFileReference; lastKnownFileType = sourcecode.swift; path = "UIView+Extension.swift"; sourceTree = "<group>"; };
		8B5C6C7A260F42DF00302627 /* UITextField+Extension.swift */ = {isa = PBXFileReference; lastKnownFileType = sourcecode.swift; path = "UITextField+Extension.swift"; sourceTree = "<group>"; };
		8B5C6C81260F436F00302627 /* BaseVC.swift */ = {isa = PBXFileReference; lastKnownFileType = sourcecode.swift; path = BaseVC.swift; sourceTree = "<group>"; };
		8B5C6C84260F43AF00302627 /* BaseVM.swift */ = {isa = PBXFileReference; lastKnownFileType = sourcecode.swift; path = BaseVM.swift; sourceTree = "<group>"; };
		8B5C6C87260F43C400302627 /* BaseTableViewCell.swift */ = {isa = PBXFileReference; lastKnownFileType = sourcecode.swift; path = BaseTableViewCell.swift; sourceTree = "<group>"; };
		8B5C6C8A260F43D200302627 /* BaseCollectionViewCell.swift */ = {isa = PBXFileReference; lastKnownFileType = sourcecode.swift; path = BaseCollectionViewCell.swift; sourceTree = "<group>"; };
		8B5C6C8D260F43DD00302627 /* BaseView.swift */ = {isa = PBXFileReference; lastKnownFileType = sourcecode.swift; path = BaseView.swift; sourceTree = "<group>"; };
		8B5C6C90260F43EA00302627 /* RoundedShadowView.swift */ = {isa = PBXFileReference; lastKnownFileType = sourcecode.swift; path = RoundedShadowView.swift; sourceTree = "<group>"; };
		8B5C6C95260F442300302627 /* Disposable.swift */ = {isa = PBXFileReference; lastKnownFileType = sourcecode.swift; path = Disposable.swift; sourceTree = "<group>"; };
		8B5C6C98260F442E00302627 /* Observable.swift */ = {isa = PBXFileReference; lastKnownFileType = sourcecode.swift; path = Observable.swift; sourceTree = "<group>"; };
		8B5C6C9B260F443B00302627 /* State.swift */ = {isa = PBXFileReference; lastKnownFileType = sourcecode.swift; path = State.swift; sourceTree = "<group>"; };
		8B5C6CAE260F455D00302627 /* MainVC.swift */ = {isa = PBXFileReference; lastKnownFileType = sourcecode.swift; path = MainVC.swift; sourceTree = "<group>"; };
		8B5C6CAF260F455D00302627 /* MainVC.xib */ = {isa = PBXFileReference; lastKnownFileType = file.xib; path = MainVC.xib; sourceTree = "<group>"; };
		8B5C6CB5260F461300302627 /* AlertBuilder.swift */ = {isa = PBXFileReference; lastKnownFileType = sourcecode.swift; path = AlertBuilder.swift; sourceTree = "<group>"; };
		8B5C6CB8260F462700302627 /* Reachability.swift */ = {isa = PBXFileReference; lastKnownFileType = sourcecode.swift; path = Reachability.swift; sourceTree = "<group>"; };
		8B5C6CBB260F463700302627 /* HelperFunction.swift */ = {isa = PBXFileReference; lastKnownFileType = sourcecode.swift; path = HelperFunction.swift; sourceTree = "<group>"; };
		8B5C6CBE260F464300302627 /* Spinner.swift */ = {isa = PBXFileReference; lastKnownFileType = sourcecode.swift; path = Spinner.swift; sourceTree = "<group>"; };
		8B5C6CC3260F4EEF00302627 /* EndPoints.swift */ = {isa = PBXFileReference; lastKnownFileType = sourcecode.swift; path = EndPoints.swift; sourceTree = "<group>"; };
		8B5C6CC6260F4F0200302627 /* NetworkManager.swift */ = {isa = PBXFileReference; lastKnownFileType = sourcecode.swift; path = NetworkManager.swift; sourceTree = "<group>"; };
		8B5C6CCF260F4F2F00302627 /* EndPointType.swift */ = {isa = PBXFileReference; lastKnownFileType = sourcecode.swift; path = EndPointType.swift; sourceTree = "<group>"; };
		8B5C6CD3260F4F3500302627 /* Router.swift */ = {isa = PBXFileReference; lastKnownFileType = sourcecode.swift; path = Router.swift; sourceTree = "<group>"; };
		8B5C6CD6260F4F3C00302627 /* HTTPMethod.swift */ = {isa = PBXFileReference; lastKnownFileType = sourcecode.swift; path = HTTPMethod.swift; sourceTree = "<group>"; };
		8B5C6CD9260F4F4100302627 /* HTTPTask.swift */ = {isa = PBXFileReference; lastKnownFileType = sourcecode.swift; path = HTTPTask.swift; sourceTree = "<group>"; };
		8B5C6CDC260F4F4700302627 /* NetworkLogger.swift */ = {isa = PBXFileReference; lastKnownFileType = sourcecode.swift; path = NetworkLogger.swift; sourceTree = "<group>"; };
		8B5C6CE4260F4FD200302627 /* ParameterEncoding.swift */ = {isa = PBXFileReference; lastKnownFileType = sourcecode.swift; path = ParameterEncoding.swift; sourceTree = "<group>"; };
		8B5C6CE7260F4FD800302627 /* URLParameterEncoding.swift */ = {isa = PBXFileReference; lastKnownFileType = sourcecode.swift; path = URLParameterEncoding.swift; sourceTree = "<group>"; };
		8B5C6CEA260F4FDE00302627 /* JSONParameterEncoder.swift */ = {isa = PBXFileReference; lastKnownFileType = sourcecode.swift; path = JSONParameterEncoder.swift; sourceTree = "<group>"; };
		8B5C6CF2260F522C00302627 /* JSONSchemaSupport.swift */ = {isa = PBXFileReference; lastKnownFileType = sourcecode.swift; path = JSONSchemaSupport.swift; sourceTree = "<group>"; };
		8B5C6CF8260F527400302627 /* MainResponseModel.swift */ = {isa = PBXFileReference; lastKnownFileType = sourcecode.swift; path = MainResponseModel.swift; sourceTree = "<group>"; };
		8B5C6CFD260F52CE00302627 /* URLSession+Extensions.swift */ = {isa = PBXFileReference; lastKnownFileType = sourcecode.swift; path = "URLSession+Extensions.swift"; sourceTree = "<group>"; };
		8B5C6D00260F52F400302627 /* MeditationModel.swift */ = {isa = PBXFileReference; lastKnownFileType = sourcecode.swift; path = MeditationModel.swift; sourceTree = "<group>"; };
		8B5C6D03260F532400302627 /* ImageModel.swift */ = {isa = PBXFileReference; lastKnownFileType = sourcecode.swift; path = ImageModel.swift; sourceTree = "<group>"; };
		8B5C6D06260F536500302627 /* StoryModel.swift */ = {isa = PBXFileReference; lastKnownFileType = sourcecode.swift; path = StoryModel.swift; sourceTree = "<group>"; };
		8B5C6D11260F542F00302627 /* MainRequests.swift */ = {isa = PBXFileReference; lastKnownFileType = sourcecode.swift; path = MainRequests.swift; sourceTree = "<group>"; };
		8B5C6D1B260F54FF00302627 /* MeditationDemoTests.xctest */ = {isa = PBXFileReference; explicitFileType = wrapper.cfbundle; includeInIndex = 0; path = MeditationDemoTests.xctest; sourceTree = BUILT_PRODUCTS_DIR; };
		8B5C6D1D260F54FF00302627 /* MeditationDemoTests.swift */ = {isa = PBXFileReference; lastKnownFileType = sourcecode.swift; path = MeditationDemoTests.swift; sourceTree = "<group>"; };
		8B5C6D1F260F54FF00302627 /* Info.plist */ = {isa = PBXFileReference; lastKnownFileType = text.plist.xml; path = Info.plist; sourceTree = "<group>"; };
		8B5C6D27260F553600302627 /* NetworkingTest.swift */ = {isa = PBXFileReference; lastKnownFileType = sourcecode.swift; path = NetworkingTest.swift; sourceTree = "<group>"; };
		8B5C6D2B260F55EC00302627 /* MainResponseModelTest.swift */ = {isa = PBXFileReference; lastKnownFileType = sourcecode.swift; path = MainResponseModelTest.swift; sourceTree = "<group>"; };
		8B5C6D2F260F588700302627 /* MainViewModel.swift */ = {isa = PBXFileReference; lastKnownFileType = sourcecode.swift; path = MainViewModel.swift; sourceTree = "<group>"; };
		8B5C6D3D260F5C6700302627 /* StoriesCollectionViewCell.swift */ = {isa = PBXFileReference; lastKnownFileType = sourcecode.swift; path = StoriesCollectionViewCell.swift; sourceTree = "<group>"; };
		8B5C6D3E260F5C6700302627 /* StoriesCollectionViewCell.xib */ = {isa = PBXFileReference; lastKnownFileType = file.xib; path = StoriesCollectionViewCell.xib; sourceTree = "<group>"; };
		8B5C6D45260F5C7800302627 /* MeditationsCollectionViewCell.swift */ = {isa = PBXFileReference; lastKnownFileType = sourcecode.swift; path = MeditationsCollectionViewCell.swift; sourceTree = "<group>"; };
		8B5C6D46260F5C7800302627 /* MeditationsCollectionViewCell.xib */ = {isa = PBXFileReference; lastKnownFileType = file.xib; path = MeditationsCollectionViewCell.xib; sourceTree = "<group>"; };
		8B5C6D55260F5CDD00302627 /* StoriesCellViewModel.swift */ = {isa = PBXFileReference; lastKnownFileType = sourcecode.swift; path = StoriesCellViewModel.swift; sourceTree = "<group>"; };
		8B5C6D59260F5CF000302627 /* MeditationsCellViewModel.swift */ = {isa = PBXFileReference; lastKnownFileType = sourcecode.swift; path = MeditationsCellViewModel.swift; sourceTree = "<group>"; };
		8B5C6D5D260F62E100302627 /* String+Extension.swift */ = {isa = PBXFileReference; lastKnownFileType = sourcecode.swift; path = "String+Extension.swift"; sourceTree = "<group>"; };
		8B5C6D6B260F7A6400302627 /* UIImageView+Extension.swift */ = {isa = PBXFileReference; lastKnownFileType = sourcecode.swift; path = "UIImageView+Extension.swift"; sourceTree = "<group>"; };
/* End PBXFileReference section */

/* Begin PBXFrameworksBuildPhase section */
		8B5C6C32260F3EB100302627 /* Frameworks */ = {
			isa = PBXFrameworksBuildPhase;
			buildActionMask = 2147483647;
			files = (
				8B5C6D71260F7B4A00302627 /* Kingfisher in Frameworks */,
			);
			runOnlyForDeploymentPostprocessing = 0;
		};
		8B5C6D18260F54FF00302627 /* Frameworks */ = {
			isa = PBXFrameworksBuildPhase;
			buildActionMask = 2147483647;
			files = (
			);
			runOnlyForDeploymentPostprocessing = 0;
		};
/* End PBXFrameworksBuildPhase section */

/* Begin PBXGroup section */
		8B5C6C2C260F3EB100302627 = {
			isa = PBXGroup;
			children = (
				8B5C6C37260F3EB100302627 /* MeditationDemo */,
				8B5C6D1C260F54FF00302627 /* MeditationDemoTests */,
				8B5C6C36260F3EB100302627 /* Products */,
			);
			sourceTree = "<group>";
		};
		8B5C6C36260F3EB100302627 /* Products */ = {
			isa = PBXGroup;
			children = (
				8B5C6C35260F3EB100302627 /* MeditationDemo.app */,
				8B5C6D1B260F54FF00302627 /* MeditationDemoTests.xctest */,
			);
			name = Products;
			sourceTree = "<group>";
		};
		8B5C6C37260F3EB100302627 /* MeditationDemo */ = {
			isa = PBXGroup;
			children = (
				8B5C6C4E260F406C00302627 /* App */,
				8B5C6CCD260F4F2200302627 /* Networking */,
				8B5C6C50260F407800302627 /* Context */,
				8B5C6C53260F40B000302627 /* Resources */,
				8B5C6C66260F423900302627 /* Core */,
				8B5C6C7F260F42F600302627 /* Misc */,
			);
			path = MeditationDemo;
			sourceTree = "<group>";
		};
		8B5C6C4E260F406C00302627 /* App */ = {
			isa = PBXGroup;
			children = (
				8B5C6C38260F3EB100302627 /* AppDelegate.swift */,
				8B5C6C3A260F3EB100302627 /* SceneDelegate.swift */,
			);
			path = App;
			sourceTree = "<group>";
		};
		8B5C6C50260F407800302627 /* Context */ = {
			isa = PBXGroup;
			children = (
				8B5C6CB3260F456200302627 /* Main */,
			);
			path = Context;
			sourceTree = "<group>";
		};
		8B5C6C53260F40B000302627 /* Resources */ = {
			isa = PBXGroup;
			children = (
				8B5C6C41260F3EB100302627 /* Assets.xcassets */,
				8B5C6C43260F3EB100302627 /* LaunchScreen.storyboard */,
				8B5C6C46260F3EB200302627 /* Info.plist */,
			);
			path = Resources;
			sourceTree = "<group>";
		};
		8B5C6C63260F422900302627 /* Navigation */ = {
			isa = PBXGroup;
			children = (
				8B5C6C57260F417100302627 /* ControllerKeys.swift */,
				8B5C6C5A260F417800302627 /* ControllerFactory.swift */,
				8B5C6C5D260F417E00302627 /* Coordinator.swift */,
				8B5C6C60260F418500302627 /* NavigationManager.swift */,
			);
			path = Navigation;
			sourceTree = "<group>";
		};
		8B5C6C66260F423900302627 /* Core */ = {
			isa = PBXGroup;
			children = (
				8B5C6C63260F422900302627 /* Navigation */,
				8B5C6C93260F440200302627 /* Generic */,
				8B5C6C9E260F444800302627 /* Observable */,
			);
			path = Core;
			sourceTree = "<group>";
		};
		8B5C6C7D260F42ED00302627 /* Extensions */ = {
			isa = PBXGroup;
			children = (
				8B5C6C68260F429000302627 /* UIViewController+Extension.swift */,
				8B5C6C6B260F429F00302627 /* UINavigationController+Extension.swift */,
				8B5C6C6E260F42AE00302627 /* CALayer+Extension.swift */,
				8B5C6C71260F42B800302627 /* UIColor+Extension.swift */,
				8B5C6C74260F42C700302627 /* Optional+Extension.swift */,
				8B5C6C77260F42D400302627 /* UIView+Extension.swift */,
				8B5C6C7A260F42DF00302627 /* UITextField+Extension.swift */,
				8B5C6CFD260F52CE00302627 /* URLSession+Extensions.swift */,
				8B5C6D5D260F62E100302627 /* String+Extension.swift */,
				8B5C6D6B260F7A6400302627 /* UIImageView+Extension.swift */,
			);
			path = Extensions;
			sourceTree = "<group>";
		};
		8B5C6C7F260F42F600302627 /* Misc */ = {
			isa = PBXGroup;
			children = (
				8B5C6C7D260F42ED00302627 /* Extensions */,
				8B5C6CC1260F465300302627 /* Utility */,
			);
			path = Misc;
			sourceTree = "<group>";
		};
		8B5C6C93260F440200302627 /* Generic */ = {
			isa = PBXGroup;
			children = (
				8B5C6C81260F436F00302627 /* BaseVC.swift */,
				8B5C6C84260F43AF00302627 /* BaseVM.swift */,
				8B5C6C87260F43C400302627 /* BaseTableViewCell.swift */,
				8B5C6C8A260F43D200302627 /* BaseCollectionViewCell.swift */,
				8B5C6C8D260F43DD00302627 /* BaseView.swift */,
				8B5C6C90260F43EA00302627 /* RoundedShadowView.swift */,
			);
			path = Generic;
			sourceTree = "<group>";
		};
		8B5C6C9E260F444800302627 /* Observable */ = {
			isa = PBXGroup;
			children = (
				8B5C6C95260F442300302627 /* Disposable.swift */,
				8B5C6C98260F442E00302627 /* Observable.swift */,
				8B5C6C9B260F443B00302627 /* State.swift */,
			);
			path = Observable;
			sourceTree = "<group>";
		};
		8B5C6CB3260F456200302627 /* Main */ = {
			isa = PBXGroup;
			children = (
				8B5C6D14260F545900302627 /* Services */,
				8B5C6D0F260F541300302627 /* Controller */,
				8B5C6D0C260F53EC00302627 /* Models */,
				8B5C6D4B260F5C8400302627 /* Views */,
				8B5C6D4E260F5CA300302627 /* ViewModels */,
			);
			path = Main;
			sourceTree = "<group>";
		};
		8B5C6CC1260F465300302627 /* Utility */ = {
			isa = PBXGroup;
			children = (
				8B5C6CB5260F461300302627 /* AlertBuilder.swift */,
				8B5C6CB8260F462700302627 /* Reachability.swift */,
				8B5C6CBB260F463700302627 /* HelperFunction.swift */,
				8B5C6CBE260F464300302627 /* Spinner.swift */,
			);
			path = Utility;
			sourceTree = "<group>";
		};
		8B5C6CC9260F4F1300302627 /* Manager */ = {
			isa = PBXGroup;
			children = (
				8B5C6CC6260F4F0200302627 /* NetworkManager.swift */,
			);
			path = Manager;
			sourceTree = "<group>";
		};
		8B5C6CCB260F4F1B00302627 /* EndPoint */ = {
			isa = PBXGroup;
			children = (
				8B5C6CC3260F4EEF00302627 /* EndPoints.swift */,
			);
			path = EndPoint;
			sourceTree = "<group>";
		};
		8B5C6CCD260F4F2200302627 /* Networking */ = {
			isa = PBXGroup;
			children = (
				8B5C6CCB260F4F1B00302627 /* EndPoint */,
				8B5C6CC9260F4F1300302627 /* Manager */,
				8B5C6CDF260F4F4F00302627 /* Service */,
				8B5C6CED260F500100302627 /* Encoding */,
			);
			path = Networking;
			sourceTree = "<group>";
		};
		8B5C6CDF260F4F4F00302627 /* Service */ = {
			isa = PBXGroup;
			children = (
				8B5C6CCF260F4F2F00302627 /* EndPointType.swift */,
				8B5C6CD3260F4F3500302627 /* Router.swift */,
				8B5C6CD6260F4F3C00302627 /* HTTPMethod.swift */,
				8B5C6CD9260F4F4100302627 /* HTTPTask.swift */,
				8B5C6CDC260F4F4700302627 /* NetworkLogger.swift */,
			);
			path = Service;
			sourceTree = "<group>";
		};
		8B5C6CED260F500100302627 /* Encoding */ = {
			isa = PBXGroup;
			children = (
				8B5C6CE4260F4FD200302627 /* ParameterEncoding.swift */,
				8B5C6CE7260F4FD800302627 /* URLParameterEncoding.swift */,
				8B5C6CEA260F4FDE00302627 /* JSONParameterEncoder.swift */,
				8B5C6CF2260F522C00302627 /* JSONSchemaSupport.swift */,
			);
			path = Encoding;
			sourceTree = "<group>";
		};
		8B5C6D0C260F53EC00302627 /* Models */ = {
			isa = PBXGroup;
			children = (
				8B5C6CF8260F527400302627 /* MainResponseModel.swift */,
				8B5C6D00260F52F400302627 /* MeditationModel.swift */,
				8B5C6D03260F532400302627 /* ImageModel.swift */,
				8B5C6D06260F536500302627 /* StoryModel.swift */,
			);
			path = Models;
			sourceTree = "<group>";
		};
		8B5C6D0F260F541300302627 /* Controller */ = {
			isa = PBXGroup;
			children = (
				8B5C6CAE260F455D00302627 /* MainVC.swift */,
				8B5C6CAF260F455D00302627 /* MainVC.xib */,
			);
			path = Controller;
			sourceTree = "<group>";
		};
		8B5C6D14260F545900302627 /* Services */ = {
			isa = PBXGroup;
			children = (
				8B5C6D11260F542F00302627 /* MainRequests.swift */,
			);
			path = Services;
			sourceTree = "<group>";
		};
		8B5C6D1C260F54FF00302627 /* MeditationDemoTests */ = {
			isa = PBXGroup;
			children = (
				8B5C6D1D260F54FF00302627 /* MeditationDemoTests.swift */,
				8B5C6D27260F553600302627 /* NetworkingTest.swift */,
				8B5C6D2B260F55EC00302627 /* MainResponseModelTest.swift */,
				8B5C6D1F260F54FF00302627 /* Info.plist */,
			);
			path = MeditationDemoTests;
			sourceTree = "<group>";
		};
		8B5C6D4B260F5C8400302627 /* Views */ = {
			isa = PBXGroup;
			children = (
				8B5C6D3D260F5C6700302627 /* StoriesCollectionViewCell.swift */,
				8B5C6D3E260F5C6700302627 /* StoriesCollectionViewCell.xib */,
				8B5C6D45260F5C7800302627 /* MeditationsCollectionViewCell.swift */,
				8B5C6D46260F5C7800302627 /* MeditationsCollectionViewCell.xib */,
			);
			path = Views;
			sourceTree = "<group>";
		};
		8B5C6D4E260F5CA300302627 /* ViewModels */ = {
			isa = PBXGroup;
			children = (
				8B5C6D2F260F588700302627 /* MainViewModel.swift */,
				8B5C6D55260F5CDD00302627 /* StoriesCellViewModel.swift */,
				8B5C6D59260F5CF000302627 /* MeditationsCellViewModel.swift */,
			);
			path = ViewModels;
			sourceTree = "<group>";
		};
/* End PBXGroup section */

/* Begin PBXNativeTarget section */
		8B5C6C34260F3EB100302627 /* MeditationDemo */ = {
			isa = PBXNativeTarget;
			buildConfigurationList = 8B5C6C49260F3EB200302627 /* Build configuration list for PBXNativeTarget "MeditationDemo" */;
			buildPhases = (
				8B5C6C31260F3EB100302627 /* Sources */,
				8B5C6C32260F3EB100302627 /* Frameworks */,
				8B5C6C33260F3EB100302627 /* Resources */,
			);
			buildRules = (
			);
			dependencies = (
			);
			name = MeditationDemo;
			packageProductDependencies = (
				8B5C6D70260F7B4A00302627 /* Kingfisher */,
			);
			productName = MeditationDemo;
			productReference = 8B5C6C35260F3EB100302627 /* MeditationDemo.app */;
			productType = "com.apple.product-type.application";
		};
		8B5C6D1A260F54FF00302627 /* MeditationDemoTests */ = {
			isa = PBXNativeTarget;
			buildConfigurationList = 8B5C6D22260F54FF00302627 /* Build configuration list for PBXNativeTarget "MeditationDemoTests" */;
			buildPhases = (
				8B5C6D17260F54FF00302627 /* Sources */,
				8B5C6D18260F54FF00302627 /* Frameworks */,
				8B5C6D19260F54FF00302627 /* Resources */,
			);
			buildRules = (
			);
			dependencies = (
				8B5C6D21260F54FF00302627 /* PBXTargetDependency */,
			);
			name = MeditationDemoTests;
			productName = MeditationDemoTests;
			productReference = 8B5C6D1B260F54FF00302627 /* MeditationDemoTests.xctest */;
			productType = "com.apple.product-type.bundle.unit-test";
		};
/* End PBXNativeTarget section */

/* Begin PBXProject section */
		8B5C6C2D260F3EB100302627 /* Project object */ = {
			isa = PBXProject;
			attributes = {
				LastSwiftUpdateCheck = 1240;
				LastUpgradeCheck = 1240;
				TargetAttributes = {
					8B5C6C34260F3EB100302627 = {
						CreatedOnToolsVersion = 12.4;
					};
					8B5C6D1A260F54FF00302627 = {
						CreatedOnToolsVersion = 12.4;
						TestTargetID = 8B5C6C34260F3EB100302627;
					};
				};
			};
			buildConfigurationList = 8B5C6C30260F3EB100302627 /* Build configuration list for PBXProject "MeditationDemo" */;
			compatibilityVersion = "Xcode 9.3";
			developmentRegion = en;
			hasScannedForEncodings = 0;
			knownRegions = (
				en,
				Base,
			);
			mainGroup = 8B5C6C2C260F3EB100302627;
			packageReferences = (
				8B5C6D6F260F7B4A00302627 /* XCRemoteSwiftPackageReference "Kingfisher" */,
			);
			productRefGroup = 8B5C6C36260F3EB100302627 /* Products */;
			projectDirPath = "";
			projectRoot = "";
			targets = (
				8B5C6C34260F3EB100302627 /* MeditationDemo */,
				8B5C6D1A260F54FF00302627 /* MeditationDemoTests */,
			);
		};
/* End PBXProject section */

/* Begin PBXResourcesBuildPhase section */
		8B5C6C33260F3EB100302627 /* Resources */ = {
			isa = PBXResourcesBuildPhase;
			buildActionMask = 2147483647;
			files = (
				8B5C6D40260F5C6700302627 /* StoriesCollectionViewCell.xib in Resources */,
				8B5C6CB1260F455D00302627 /* MainVC.xib in Resources */,
				8B5C6C45260F3EB100302627 /* LaunchScreen.storyboard in Resources */,
				8B5C6D48260F5C7800302627 /* MeditationsCollectionViewCell.xib in Resources */,
				8B5C6C42260F3EB100302627 /* Assets.xcassets in Resources */,
			);
			runOnlyForDeploymentPostprocessing = 0;
		};
		8B5C6D19260F54FF00302627 /* Resources */ = {
			isa = PBXResourcesBuildPhase;
			buildActionMask = 2147483647;
			files = (
			);
			runOnlyForDeploymentPostprocessing = 0;
		};
/* End PBXResourcesBuildPhase section */

/* Begin PBXSourcesBuildPhase section */
		8B5C6C31260F3EB100302627 /* Sources */ = {
			isa = PBXSourcesBuildPhase;
			buildActionMask = 2147483647;
			files = (
				8B5C6CDD260F4F4700302627 /* NetworkLogger.swift in Sources */,
				8B5C6CDA260F4F4100302627 /* HTTPTask.swift in Sources */,
				8B5C6C88260F43C400302627 /* BaseTableViewCell.swift in Sources */,
				8B5C6C39260F3EB100302627 /* AppDelegate.swift in Sources */,
				8B5C6CE5260F4FD200302627 /* ParameterEncoding.swift in Sources */,
				8B5C6CF9260F527400302627 /* MainResponseModel.swift in Sources */,
				8B5C6C91260F43EA00302627 /* RoundedShadowView.swift in Sources */,
				8B5C6CBF260F464300302627 /* Spinner.swift in Sources */,
				8B5C6D56260F5CDD00302627 /* StoriesCellViewModel.swift in Sources */,
				8B5C6C9C260F443B00302627 /* State.swift in Sources */,
				8B5C6CFE260F52CE00302627 /* URLSession+Extensions.swift in Sources */,
				8B5C6C58260F417100302627 /* ControllerKeys.swift in Sources */,
				8B5C6C6F260F42AE00302627 /* CALayer+Extension.swift in Sources */,
				8B5C6D12260F542F00302627 /* MainRequests.swift in Sources */,
				8B5C6CD4260F4F3500302627 /* Router.swift in Sources */,
				8B5C6C5E260F417E00302627 /* Coordinator.swift in Sources */,
				8B5C6C85260F43AF00302627 /* BaseVM.swift in Sources */,
				8B5C6D5A260F5CF000302627 /* MeditationsCellViewModel.swift in Sources */,
				8B5C6C6C260F429F00302627 /* UINavigationController+Extension.swift in Sources */,
				8B5C6C8B260F43D200302627 /* BaseCollectionViewCell.swift in Sources */,
				8B5C6CC7260F4F0200302627 /* NetworkManager.swift in Sources */,
				8B5C6CEB260F4FDE00302627 /* JSONParameterEncoder.swift in Sources */,
				8B5C6D30260F588700302627 /* MainViewModel.swift in Sources */,
				8B5C6D47260F5C7800302627 /* MeditationsCollectionViewCell.swift in Sources */,
				8B5C6D5E260F62E100302627 /* String+Extension.swift in Sources */,
				8B5C6CD7260F4F3C00302627 /* HTTPMethod.swift in Sources */,
				8B5C6CF3260F522C00302627 /* JSONSchemaSupport.swift in Sources */,
				8B5C6D04260F532400302627 /* ImageModel.swift in Sources */,
				8B5C6C82260F436F00302627 /* BaseVC.swift in Sources */,
				8B5C6CB9260F462700302627 /* Reachability.swift in Sources */,
				8B5C6C99260F442E00302627 /* Observable.swift in Sources */,
				8B5C6CB0260F455D00302627 /* MainVC.swift in Sources */,
				8B5C6C75260F42C700302627 /* Optional+Extension.swift in Sources */,
				8B5C6CD0260F4F2F00302627 /* EndPointType.swift in Sources */,
				8B5C6C78260F42D400302627 /* UIView+Extension.swift in Sources */,
				8B5C6CC4260F4EEF00302627 /* EndPoints.swift in Sources */,
				8B5C6C5B260F417800302627 /* ControllerFactory.swift in Sources */,
				8B5C6C69260F429000302627 /* UIViewController+Extension.swift in Sources */,
				8B5C6CE8260F4FD800302627 /* URLParameterEncoding.swift in Sources */,
				8B5C6D01260F52F400302627 /* MeditationModel.swift in Sources */,
				8B5C6C3B260F3EB100302627 /* SceneDelegate.swift in Sources */,
				8B5C6CB6260F461300302627 /* AlertBuilder.swift in Sources */,
				8B5C6C7B260F42DF00302627 /* UITextField+Extension.swift in Sources */,
				8B5C6C8E260F43DD00302627 /* BaseView.swift in Sources */,
				8B5C6D3F260F5C6700302627 /* StoriesCollectionViewCell.swift in Sources */,
				8B5C6CBC260F463700302627 /* HelperFunction.swift in Sources */,
				8B5C6D6C260F7A6400302627 /* UIImageView+Extension.swift in Sources */,
				8B5C6C96260F442300302627 /* Disposable.swift in Sources */,
				8B5C6C61260F418500302627 /* NavigationManager.swift in Sources */,
				8B5C6C72260F42B800302627 /* UIColor+Extension.swift in Sources */,
				8B5C6D07260F536500302627 /* StoryModel.swift in Sources */,
			);
			runOnlyForDeploymentPostprocessing = 0;
		};
		8B5C6D17260F54FF00302627 /* Sources */ = {
			isa = PBXSourcesBuildPhase;
			buildActionMask = 2147483647;
			files = (
				8B5C6D2C260F55EC00302627 /* MainResponseModelTest.swift in Sources */,
				8B5C6D1E260F54FF00302627 /* MeditationDemoTests.swift in Sources */,
				8B5C6D28260F553600302627 /* NetworkingTest.swift in Sources */,
			);
			runOnlyForDeploymentPostprocessing = 0;
		};
/* End PBXSourcesBuildPhase section */

/* Begin PBXTargetDependency section */
		8B5C6D21260F54FF00302627 /* PBXTargetDependency */ = {
			isa = PBXTargetDependency;
			target = 8B5C6C34260F3EB100302627 /* MeditationDemo */;
			targetProxy = 8B5C6D20260F54FF00302627 /* PBXContainerItemProxy */;
		};
/* End PBXTargetDependency section */

/* Begin PBXVariantGroup section */
		8B5C6C43260F3EB100302627 /* LaunchScreen.storyboard */ = {
			isa = PBXVariantGroup;
			children = (
				8B5C6C44260F3EB100302627 /* Base */,
			);
			name = LaunchScreen.storyboard;
			sourceTree = "<group>";
		};
/* End PBXVariantGroup section */

/* Begin XCBuildConfiguration section */
		8B5C6C47260F3EB200302627 /* Debug */ = {
			isa = XCBuildConfiguration;
			buildSettings = {
				ALWAYS_SEARCH_USER_PATHS = NO;
				CLANG_ANALYZER_NONNULL = YES;
				CLANG_ANALYZER_NUMBER_OBJECT_CONVERSION = YES_AGGRESSIVE;
				CLANG_CXX_LANGUAGE_STANDARD = "gnu++14";
				CLANG_CXX_LIBRARY = "libc++";
				CLANG_ENABLE_MODULES = YES;
				CLANG_ENABLE_OBJC_ARC = YES;
				CLANG_ENABLE_OBJC_WEAK = YES;
				CLANG_WARN_BLOCK_CAPTURE_AUTORELEASING = YES;
				CLANG_WARN_BOOL_CONVERSION = YES;
				CLANG_WARN_COMMA = YES;
				CLANG_WARN_CONSTANT_CONVERSION = YES;
				CLANG_WARN_DEPRECATED_OBJC_IMPLEMENTATIONS = YES;
				CLANG_WARN_DIRECT_OBJC_ISA_USAGE = YES_ERROR;
				CLANG_WARN_DOCUMENTATION_COMMENTS = YES;
				CLANG_WARN_EMPTY_BODY = YES;
				CLANG_WARN_ENUM_CONVERSION = YES;
				CLANG_WARN_INFINITE_RECURSION = YES;
				CLANG_WARN_INT_CONVERSION = YES;
				CLANG_WARN_NON_LITERAL_NULL_CONVERSION = YES;
				CLANG_WARN_OBJC_IMPLICIT_RETAIN_SELF = YES;
				CLANG_WARN_OBJC_LITERAL_CONVERSION = YES;
				CLANG_WARN_OBJC_ROOT_CLASS = YES_ERROR;
				CLANG_WARN_QUOTED_INCLUDE_IN_FRAMEWORK_HEADER = YES;
				CLANG_WARN_RANGE_LOOP_ANALYSIS = YES;
				CLANG_WARN_STRICT_PROTOTYPES = YES;
				CLANG_WARN_SUSPICIOUS_MOVE = YES;
				CLANG_WARN_UNGUARDED_AVAILABILITY = YES_AGGRESSIVE;
				CLANG_WARN_UNREACHABLE_CODE = YES;
				CLANG_WARN__DUPLICATE_METHOD_MATCH = YES;
				COPY_PHASE_STRIP = NO;
				DEBUG_INFORMATION_FORMAT = dwarf;
				ENABLE_STRICT_OBJC_MSGSEND = YES;
				ENABLE_TESTABILITY = YES;
				GCC_C_LANGUAGE_STANDARD = gnu11;
				GCC_DYNAMIC_NO_PIC = NO;
				GCC_NO_COMMON_BLOCKS = YES;
				GCC_OPTIMIZATION_LEVEL = 0;
				GCC_PREPROCESSOR_DEFINITIONS = (
					"DEBUG=1",
					"$(inherited)",
				);
				GCC_WARN_64_TO_32_BIT_CONVERSION = YES;
				GCC_WARN_ABOUT_RETURN_TYPE = YES_ERROR;
				GCC_WARN_UNDECLARED_SELECTOR = YES;
				GCC_WARN_UNINITIALIZED_AUTOS = YES_AGGRESSIVE;
				GCC_WARN_UNUSED_FUNCTION = YES;
				GCC_WARN_UNUSED_VARIABLE = YES;
				IPHONEOS_DEPLOYMENT_TARGET = 14.4;
				MTL_ENABLE_DEBUG_INFO = INCLUDE_SOURCE;
				MTL_FAST_MATH = YES;
				ONLY_ACTIVE_ARCH = YES;
				SDKROOT = iphoneos;
				SWIFT_ACTIVE_COMPILATION_CONDITIONS = DEBUG;
				SWIFT_OPTIMIZATION_LEVEL = "-Onone";
			};
			name = Debug;
		};
		8B5C6C48260F3EB200302627 /* Release */ = {
			isa = XCBuildConfiguration;
			buildSettings = {
				ALWAYS_SEARCH_USER_PATHS = NO;
				CLANG_ANALYZER_NONNULL = YES;
				CLANG_ANALYZER_NUMBER_OBJECT_CONVERSION = YES_AGGRESSIVE;
				CLANG_CXX_LANGUAGE_STANDARD = "gnu++14";
				CLANG_CXX_LIBRARY = "libc++";
				CLANG_ENABLE_MODULES = YES;
				CLANG_ENABLE_OBJC_ARC = YES;
				CLANG_ENABLE_OBJC_WEAK = YES;
				CLANG_WARN_BLOCK_CAPTURE_AUTORELEASING = YES;
				CLANG_WARN_BOOL_CONVERSION = YES;
				CLANG_WARN_COMMA = YES;
				CLANG_WARN_CONSTANT_CONVERSION = YES;
				CLANG_WARN_DEPRECATED_OBJC_IMPLEMENTATIONS = YES;
				CLANG_WARN_DIRECT_OBJC_ISA_USAGE = YES_ERROR;
				CLANG_WARN_DOCUMENTATION_COMMENTS = YES;
				CLANG_WARN_EMPTY_BODY = YES;
				CLANG_WARN_ENUM_CONVERSION = YES;
				CLANG_WARN_INFINITE_RECURSION = YES;
				CLANG_WARN_INT_CONVERSION = YES;
				CLANG_WARN_NON_LITERAL_NULL_CONVERSION = YES;
				CLANG_WARN_OBJC_IMPLICIT_RETAIN_SELF = YES;
				CLANG_WARN_OBJC_LITERAL_CONVERSION = YES;
				CLANG_WARN_OBJC_ROOT_CLASS = YES_ERROR;
				CLANG_WARN_QUOTED_INCLUDE_IN_FRAMEWORK_HEADER = YES;
				CLANG_WARN_RANGE_LOOP_ANALYSIS = YES;
				CLANG_WARN_STRICT_PROTOTYPES = YES;
				CLANG_WARN_SUSPICIOUS_MOVE = YES;
				CLANG_WARN_UNGUARDED_AVAILABILITY = YES_AGGRESSIVE;
				CLANG_WARN_UNREACHABLE_CODE = YES;
				CLANG_WARN__DUPLICATE_METHOD_MATCH = YES;
				COPY_PHASE_STRIP = NO;
				DEBUG_INFORMATION_FORMAT = "dwarf-with-dsym";
				ENABLE_NS_ASSERTIONS = NO;
				ENABLE_STRICT_OBJC_MSGSEND = YES;
				GCC_C_LANGUAGE_STANDARD = gnu11;
				GCC_NO_COMMON_BLOCKS = YES;
				GCC_WARN_64_TO_32_BIT_CONVERSION = YES;
				GCC_WARN_ABOUT_RETURN_TYPE = YES_ERROR;
				GCC_WARN_UNDECLARED_SELECTOR = YES;
				GCC_WARN_UNINITIALIZED_AUTOS = YES_AGGRESSIVE;
				GCC_WARN_UNUSED_FUNCTION = YES;
				GCC_WARN_UNUSED_VARIABLE = YES;
				IPHONEOS_DEPLOYMENT_TARGET = 14.4;
				MTL_ENABLE_DEBUG_INFO = NO;
				MTL_FAST_MATH = YES;
				SDKROOT = iphoneos;
				SWIFT_COMPILATION_MODE = wholemodule;
				SWIFT_OPTIMIZATION_LEVEL = "-O";
				VALIDATE_PRODUCT = YES;
			};
			name = Release;
		};
		8B5C6C4A260F3EB200302627 /* Debug */ = {
			isa = XCBuildConfiguration;
			buildSettings = {
				ASSETCATALOG_COMPILER_APPICON_NAME = AppIcon;
				ASSETCATALOG_COMPILER_GLOBAL_ACCENT_COLOR_NAME = AccentColor;
				CODE_SIGN_STYLE = Automatic;
				DEVELOPMENT_TEAM = N9UP838S78;
				INFOPLIST_FILE = MeditationDemo/Resources/Info.plist;
				IPHONEOS_DEPLOYMENT_TARGET = 12.1;
				LD_RUNPATH_SEARCH_PATHS = (
					"$(inherited)",
					"@executable_path/Frameworks",
				);
				PRODUCT_BUNDLE_IDENTIFIER = com.meditation;
				PRODUCT_NAME = "$(TARGET_NAME)";
				SWIFT_VERSION = 5.0;
				TARGETED_DEVICE_FAMILY = "1,2";
			};
			name = Debug;
		};
		8B5C6C4B260F3EB200302627 /* Release */ = {
			isa = XCBuildConfiguration;
			buildSettings = {
				ASSETCATALOG_COMPILER_APPICON_NAME = AppIcon;
				ASSETCATALOG_COMPILER_GLOBAL_ACCENT_COLOR_NAME = AccentColor;
				CODE_SIGN_STYLE = Automatic;
				DEVELOPMENT_TEAM = N9UP838S78;
				INFOPLIST_FILE = MeditationDemo/Resources/Info.plist;
				IPHONEOS_DEPLOYMENT_TARGET = 12.1;
				LD_RUNPATH_SEARCH_PATHS = (
					"$(inherited)",
					"@executable_path/Frameworks",
				);
				PRODUCT_BUNDLE_IDENTIFIER = com.meditation;
				PRODUCT_NAME = "$(TARGET_NAME)";
				SWIFT_VERSION = 5.0;
				TARGETED_DEVICE_FAMILY = "1,2";
			};
			name = Release;
		};
		8B5C6D23260F54FF00302627 /* Debug */ = {
			isa = XCBuildConfiguration;
			buildSettings = {
				BUNDLE_LOADER = "$(TEST_HOST)";
				CODE_SIGN_STYLE = Automatic;
				DEVELOPMENT_TEAM = N9UP838S78;
				INFOPLIST_FILE = MeditationDemoTests/Info.plist;
				LD_RUNPATH_SEARCH_PATHS = (
					"$(inherited)",
					"@executable_path/Frameworks",
					"@loader_path/Frameworks",
				);
				PRODUCT_BUNDLE_IDENTIFIER = com.MeditationDemoTests;
				PRODUCT_NAME = "$(TARGET_NAME)";
				SWIFT_VERSION = 5.0;
				TARGETED_DEVICE_FAMILY = "1,2";
				TEST_HOST = "$(BUILT_PRODUCTS_DIR)/MeditationDemo.app/MeditationDemo";
			};
			name = Debug;
		};
		8B5C6D24260F54FF00302627 /* Release */ = {
			isa = XCBuildConfiguration;
			buildSettings = {
				BUNDLE_LOADER = "$(TEST_HOST)";
				CODE_SIGN_STYLE = Automatic;
				DEVELOPMENT_TEAM = N9UP838S78;
				INFOPLIST_FILE = MeditationDemoTests/Info.plist;
				LD_RUNPATH_SEARCH_PATHS = (
					"$(inherited)",
					"@executable_path/Frameworks",
					"@loader_path/Frameworks",
				);
				PRODUCT_BUNDLE_IDENTIFIER = com.MeditationDemoTests;
				PRODUCT_NAME = "$(TARGET_NAME)";
				SWIFT_VERSION = 5.0;
				TARGETED_DEVICE_FAMILY = "1,2";
				TEST_HOST = "$(BUILT_PRODUCTS_DIR)/MeditationDemo.app/MeditationDemo";
			};
			name = Release;
		};
/* End XCBuildConfiguration section */

/* Begin XCConfigurationList section */
		8B5C6C30260F3EB100302627 /* Build configuration list for PBXProject "MeditationDemo" */ = {
			isa = XCConfigurationList;
			buildConfigurations = (
				8B5C6C47260F3EB200302627 /* Debug */,
				8B5C6C48260F3EB200302627 /* Release */,
			);
			defaultConfigurationIsVisible = 0;
			defaultConfigurationName = Release;
		};
		8B5C6C49260F3EB200302627 /* Build configuration list for PBXNativeTarget "MeditationDemo" */ = {
			isa = XCConfigurationList;
			buildConfigurations = (
				8B5C6C4A260F3EB200302627 /* Debug */,
				8B5C6C4B260F3EB200302627 /* Release */,
			);
			defaultConfigurationIsVisible = 0;
			defaultConfigurationName = Release;
		};
		8B5C6D22260F54FF00302627 /* Build configuration list for PBXNativeTarget "MeditationDemoTests" */ = {
			isa = XCConfigurationList;
			buildConfigurations = (
				8B5C6D23260F54FF00302627 /* Debug */,
				8B5C6D24260F54FF00302627 /* Release */,
			);
			defaultConfigurationIsVisible = 0;
			defaultConfigurationName = Release;
		};
/* End XCConfigurationList section */

/* Begin XCRemoteSwiftPackageReference section */
		8B5C6D6F260F7B4A00302627 /* XCRemoteSwiftPackageReference "Kingfisher" */ = {
			isa = XCRemoteSwiftPackageReference;
			repositoryURL = "https://github.com/onevcat/Kingfisher.git";
			requirement = {
				kind = upToNextMajorVersion;
				minimumVersion = 6.2.1;
			};
		};
/* End XCRemoteSwiftPackageReference section */

/* Begin XCSwiftPackageProductDependency section */
		8B5C6D70260F7B4A00302627 /* Kingfisher */ = {
			isa = XCSwiftPackageProductDependency;
			package = 8B5C6D6F260F7B4A00302627 /* XCRemoteSwiftPackageReference "Kingfisher" */;
			productName = Kingfisher;
		};
/* End XCSwiftPackageProductDependency section */
	};
	rootObject = 8B5C6C2D260F3EB100302627 /* Project object */;
}
